github.com/openfga/go-sdk v0.3.5 h1:KQXhMREh+g/K7HNuZ/YmXuHkREkq0VMKteua4bYr3Uw=
github.com/openfga/go-sdk v0.3.5/go.mod h1:u1iErzj5E9/bhe+8nsMv0gigcYbJtImcdgcE5DmpbBg=
golang.org/x/sync v0.6.0 h1:5BMeUDZ7vkXGfEr1x9B4bRcTH4lpkTkpdh0T/J+qjbQ=
golang.org/x/sync v0.6.0/go.mod h1:Czt+wKu1gCyEFDUtn0jG5QVvpJ6rzVqr5aXyt9drQfk=
